PODS:
  - Alamofire (5.3.0)
  - CropViewController (2.5.5)
  - DataCompression (3.6.0)

DEPENDENCIES:
  - Alamofire (~> 5.2)
  - CropViewController
  - DataCompression

SPEC REPOS:
  trunk:
    - Alamofire
    - CropViewController
    - DataCompression

SPEC CHECKSUMS:
  Alamofire: 2c792affbdc2f18016e08fdbcacd60aebe1ba593
  CropViewController: bd3ff11eeeaadc1e267bb9c3f3e9ee67a52d3285
  DataCompression: 06628f9c807b6f152e0da37635633f62fc51dc77

PODFILE CHECKSUM: dded817641da09a1ae866f1fa8f7017ba2e7e895

COCOAPODS: 1.8.3
